<?xml version="1.0" encoding="UTF-8" standalone="yes" ?>
<CodeBlocks_project_file>
	<FileVersion major="1" minor="6" />
	<Project>
		<Option title="BrainStorm Studios Game Engine Reborn" />
		<Option pch_mode="2" />
		<Option compiler="gcc" />
		<Build>
			<Target title="Debug">
				<Option output="BrainStorm Studios Game Engine Reborn" prefix_auto="1" extension_auto="1" />
				<Option object_output="obj/Debug/" />
				<Option type="1" />
				<Option compiler="gcc" />
				<Compiler>
					<Add option="-g" />
					<Add directory="include" />
				</Compiler>
			</Target>
			<Target title="Release">
				<Option output="bin/Release/BrainStorm Studios 2nd" prefix_auto="1" extension_auto="1" />
				<Option object_output="obj/Release/" />
				<Option type="1" />
				<Option compiler="gcc" />
				<Compiler>
					<Add option="-O2" />
					<Add directory="include" />
				</Compiler>
				<Linker>
					<Add option="-s" />
				</Linker>
			</Target>
		</Build>
		<Compiler>
			<Add option="-std=c++11" />
			<Add directory="Libraries (include)" />
			<Add directory="code engine/headers" />
			<Add directory="code engine/headers/Glew" />
			<Add directory="code game demo/headers" />
		</Compiler>
		<Linker>
			<Add option="-lmingw32 -lSOIL -lopengl32 -lglu32 -lSDLmain -lSDL -lBox2D -lOpenAL32" />
			<Add directory="Libraries (lib)" />
			<Add directory="Libraries (lib)/libs OpenAl/Win32" />
		</Linker>
		<Unit filename="Levels/last level textures.txt" />
		<Unit filename="Levels/last level.txt" />
		<Unit filename="Levels/level new.txt" />
		<Unit filename="Levels/level1 initial.txt" />
		<Unit filename="Levels/level1 tes.txt" />
		<Unit filename="Levels/level1 textures.txt" />
		<Unit filename="Levels/level1.txt" />
		<Unit filename="Levels/level10.txt" />
		<Unit filename="Levels/level2.txt" />
		<Unit filename="Levels/level3.txt" />
		<Unit filename="Levels/muta camera.txt" />
		<Unit filename="Levels/pozitii obstacole.txt" />
		<Unit filename="Levels/the newsest level.txt" />
		<Unit filename="Levels/ultimul nivel.txt" />
		<Unit filename="Shaders/BSTexturedPolygonProgram2D.glvs" />
		<Unit filename="code engine/headers/BSActionStuff.h" />
		<Unit filename="code engine/headers/BSAnimationClass.h" />
		<Unit filename="code engine/headers/BSInputClass.h" />
		<Unit filename="code engine/headers/BSLevelMenu.h" />
		<Unit filename="code engine/headers/BSObstacles.h" />
		<Unit filename="code engine/headers/BSOpenGL.h" />
		<Unit filename="code engine/headers/BSShaderProgram.h" />
		<Unit filename="code engine/headers/BSStructs.h" />
		<Unit filename="code engine/headers/BSTexture.h" />
		<Unit filename="code engine/headers/BSTexturedPolygonProgram2D.h" />
		<Unit filename="code engine/headers/BSTexturedVertex2D.h" />
		<Unit filename="code engine/headers/BSUtilities.h" />
		<Unit filename="code engine/headers/BSValues.h" />
		<Unit filename="code engine/headers/BSXmlFiles.h" />
		<Unit filename="code engine/headers/BS_Audio.h" />
		<Unit filename="code engine/headers/BS_Available_Shaders.h" />
		<Unit filename="code engine/headers/BS_Camera.h" />
		<Unit filename="code engine/headers/BS_Engine.h" />
		<Unit filename="code engine/headers/BS_Object.h" />
		<Unit filename="code engine/headers/BS_Renderer.h" />
		<Unit filename="code engine/headers/BS_Screen_Menu.h" />
		<Unit filename="code engine/headers/Glew/glew.h" />
		<Unit filename="code engine/headers/Glew/glxew.h" />
		<Unit filename="code engine/headers/Glew/wglew.h" />
		<Unit filename="code engine/headers/My_Values.h" />
		<Unit filename="code engine/headers/glm/CMakeLists.txt" />
		<Unit filename="code engine/headers/glm/core/func_common.inl" />
		<Unit filename="code engine/headers/glm/core/func_exponential.inl" />
		<Unit filename="code engine/headers/glm/core/func_geometric.inl" />
		<Unit filename="code engine/headers/glm/core/func_integer.inl" />
		<Unit filename="code engine/headers/glm/core/func_matrix.inl" />
		<Unit filename="code engine/headers/glm/core/func_noise.inl" />
		<Unit filename="code engine/headers/glm/core/func_packing.inl" />
		<Unit filename="code engine/headers/glm/core/func_trigonometric.inl" />
		<Unit filename="code engine/headers/glm/core/func_vector_relational.inl" />
		<Unit filename="code engine/headers/glm/core/intrinsic_common.inl" />
		<Unit filename="code engine/headers/glm/core/intrinsic_exponential.inl" />
		<Unit filename="code engine/headers/glm/core/intrinsic_geometric.inl" />
		<Unit filename="code engine/headers/glm/core/intrinsic_matrix.inl" />
		<Unit filename="code engine/headers/glm/core/intrinsic_trigonometric.inl" />
		<Unit filename="code engine/headers/glm/core/intrinsic_vector_relational.inl" />
		<Unit filename="code engine/headers/glm/core/type_gentype.inl" />
		<Unit filename="code engine/headers/glm/core/type_half.inl" />
		<Unit filename="code engine/headers/glm/core/type_mat.inl" />
		<Unit filename="code engine/headers/glm/core/type_mat2x2.inl" />
		<Unit filename="code engine/headers/glm/core/type_mat2x3.inl" />
		<Unit filename="code engine/headers/glm/core/type_mat2x4.inl" />
		<Unit filename="code engine/headers/glm/core/type_mat3x2.inl" />
		<Unit filename="code engine/headers/glm/core/type_mat3x3.inl" />
		<Unit filename="code engine/headers/glm/core/type_mat3x4.inl" />
		<Unit filename="code engine/headers/glm/core/type_mat4x2.inl" />
		<Unit filename="code engine/headers/glm/core/type_mat4x3.inl" />
		<Unit filename="code engine/headers/glm/core/type_mat4x4.inl" />
		<Unit filename="code engine/headers/glm/core/type_vec.inl" />
		<Unit filename="code engine/headers/glm/core/type_vec1.inl" />
		<Unit filename="code engine/headers/glm/core/type_vec2.inl" />
		<Unit filename="code engine/headers/glm/core/type_vec3.inl" />
		<Unit filename="code engine/headers/glm/core/type_vec4.inl" />
		<Unit filename="code engine/headers/glm/gtc/constants.inl" />
		<Unit filename="code engine/headers/glm/gtc/epsilon.inl" />
		<Unit filename="code engine/headers/glm/gtc/half_float.inl" />
		<Unit filename="code engine/headers/glm/gtc/matrix_access.inl" />
		<Unit filename="code engine/headers/glm/gtc/matrix_inverse.inl" />
		<Unit filename="code engine/headers/glm/gtc/matrix_transform.inl" />
		<Unit filename="code engine/headers/glm/gtc/noise.inl" />
		<Unit filename="code engine/headers/glm/gtc/quaternion.inl" />
		<Unit filename="code engine/headers/glm/gtc/random.inl" />
		<Unit filename="code engine/headers/glm/gtc/reciprocal.inl" />
		<Unit filename="code engine/headers/glm/gtc/swizzle.inl" />
		<Unit filename="code engine/headers/glm/gtc/type_precision.inl" />
		<Unit filename="code engine/headers/glm/gtc/type_ptr.inl" />
		<Unit filename="code engine/headers/glm/gtc/ulp.inl" />
		<Unit filename="code engine/headers/glm/gtx/associated_min_max.inl" />
		<Unit filename="code engine/headers/glm/gtx/bit.inl" />
		<Unit filename="code engine/headers/glm/gtx/closest_point.inl" />
		<Unit filename="code engine/headers/glm/gtx/color_cast.inl" />
		<Unit filename="code engine/headers/glm/gtx/color_space.inl" />
		<Unit filename="code engine/headers/glm/gtx/color_space_YCoCg.inl" />
		<Unit filename="code engine/headers/glm/gtx/compatibility.inl" />
		<Unit filename="code engine/headers/glm/gtx/component_wise.inl" />
		<Unit filename="code engine/headers/glm/gtx/euler_angles.inl" />
		<Unit filename="code engine/headers/glm/gtx/extend.inl" />
		<Unit filename="code engine/headers/glm/gtx/extented_min_max.inl" />
		<Unit filename="code engine/headers/glm/gtx/fast_exponential.inl" />
		<Unit filename="code engine/headers/glm/gtx/fast_square_root.inl" />
		<Unit filename="code engine/headers/glm/gtx/fast_trigonometry.inl" />
		<Unit filename="code engine/headers/glm/gtx/gradient_paint.inl" />
		<Unit filename="code engine/headers/glm/gtx/handed_coordinate_space.inl" />
		<Unit filename="code engine/headers/glm/gtx/inertia.inl" />
		<Unit filename="code engine/headers/glm/gtx/int_10_10_10_2.inl" />
		<Unit filename="code engine/headers/glm/gtx/integer.inl" />
		<Unit filename="code engine/headers/glm/gtx/intersect.inl" />
		<Unit filename="code engine/headers/glm/gtx/log_base.inl" />
		<Unit filename="code engine/headers/glm/gtx/matrix_cross_product.inl" />
		<Unit filename="code engine/headers/glm/gtx/matrix_interpolation.inl" />
		<Unit filename="code engine/headers/glm/gtx/matrix_major_storage.inl" />
		<Unit filename="code engine/headers/glm/gtx/matrix_operation.inl" />
		<Unit filename="code engine/headers/glm/gtx/matrix_query.inl" />
		<Unit filename="code engine/headers/glm/gtx/mixed_product.inl" />
		<Unit filename="code engine/headers/glm/gtx/multiple.inl" />
		<Unit filename="code engine/headers/glm/gtx/norm.inl" />
		<Unit filename="code engine/headers/glm/gtx/normal.inl" />
		<Unit filename="code engine/headers/glm/gtx/normalize_dot.inl" />
		<Unit filename="code engine/headers/glm/gtx/number_precision.inl" />
		<Unit filename="code engine/headers/glm/gtx/ocl_type.inl" />
		<Unit filename="code engine/headers/glm/gtx/optimum_pow.inl" />
		<Unit filename="code engine/headers/glm/gtx/orthonormalize.inl" />
		<Unit filename="code engine/headers/glm/gtx/perpendicular.inl" />
		<Unit filename="code engine/headers/glm/gtx/polar_coordinates.inl" />
		<Unit filename="code engine/headers/glm/gtx/projection.inl" />
		<Unit filename="code engine/headers/glm/gtx/quaternion.inl" />
		<Unit filename="code engine/headers/glm/gtx/raw_data.inl" />
		<Unit filename="code engine/headers/glm/gtx/rotate_vector.inl" />
		<Unit filename="code engine/headers/glm/gtx/simd_mat4.inl" />
		<Unit filename="code engine/headers/glm/gtx/simd_vec4.inl" />
		<Unit filename="code engine/headers/glm/gtx/spline.inl" />
		<Unit filename="code engine/headers/glm/gtx/std_based_type.inl" />
		<Unit filename="code engine/headers/glm/gtx/string_cast.inl" />
		<Unit filename="code engine/headers/glm/gtx/transform.inl" />
		<Unit filename="code engine/headers/glm/gtx/transform2.inl" />
		<Unit filename="code engine/headers/glm/gtx/unsigned_int.inl" />
		<Unit filename="code engine/headers/glm/gtx/vec1.inl" />
		<Unit filename="code engine/headers/glm/gtx/vector_access.inl" />
		<Unit filename="code engine/headers/glm/gtx/vector_angle.inl" />
		<Unit filename="code engine/headers/glm/gtx/vector_query.inl" />
		<Unit filename="code engine/headers/glm/gtx/verbose_operator.inl" />
		<Unit filename="code engine/headers/glm/gtx/wrap.inl" />
		<Unit filename="code engine/src/BSActionStuff.cpp" />
		<Unit filename="code engine/src/BSAnimationClass.cpp" />
		<Unit filename="code engine/src/BSInputClass.cpp" />
		<Unit filename="code engine/src/BSLevelMenu.cpp" />
		<Unit filename="code engine/src/BSObstacles.cpp" />
		<Unit filename="code engine/src/BSShaderProgram.cpp" />
		<Unit filename="code engine/src/BSTexture.cpp" />
		<Unit filename="code engine/src/BSTexturedPolygonProgram2D.cpp" />
		<Unit filename="code engine/src/BSUtilities.cpp" />
		<Unit filename="code engine/src/BSXmlFiles.cpp" />
		<Unit filename="code engine/src/BS_Audio.cpp" />
		<Unit filename="code engine/src/BS_Camera.cpp" />
		<Unit filename="code engine/src/BS_Engine.cpp" />
		<Unit filename="code engine/src/BS_Object.cpp" />
		<Unit filename="code engine/src/BS_Renderer.cpp" />
		<Unit filename="code engine/src/BS_Screen_Menu.cpp" />
		<Unit filename="code engine/src/Glew/glew.c">
			<Option compilerVar="CC" />
		</Unit>
		<Unit filename="code game demo/headers/BS_Game_Demo.h" />
		<Unit filename="code game demo/src/BS_Game_Demo.cpp" />
		<Unit filename="code game demo/src/main.cpp" />
		<Unit filename="resources/resource.rc">
			<Option compilerVar="WINDRES" />
		</Unit>
		<Extensions>
			<code_completion />
			<debugger />
			<envvars />
			<DoxyBlocks>
				<comment_style block="0" line="0" />
				<doxyfile_project />
				<doxyfile_build />
				<doxyfile_warnings />
				<doxyfile_output />
				<doxyfile_dot />
				<general />
			</DoxyBlocks>
		</Extensions>
	</Project>
</CodeBlocks_project_file>
